{
  "name": "frogbot-test-repo",
  "version": "1.0.0",
  "lockfileVersion": 3,
  "requires": true,
  "packages": {
    "": {
      "name": "frogbot-test-repo",
      "version": "1.0.0",
      "license": "MIT",
      "dependencies": {
        "lodash": "^4.17.21",
        "mpath": "^0.8.4"
      }
    },
    "node_modules/lodash": {
      "version": "4.17.21",
      "resolved": "https://registry.npmjs.org/lodash/-/lodash-4.17.21.tgz",
      "integrity": "sha512-v2kDEe57lecTulaDIuNTPy3Ry4gLGJ6Z1O3vE1krgXZNrsQ+LFTGHVxVjcXPs17LhbZVGedAJv8XZ1tvj5FvSg==",
      "license": "MIT"
    },
    "node_modules/mpath": {
      "version": "0.8.4",
      "resolved": "https://registry.npmjs.org/mpath/-/mpath-0.8.4.tgz",
      "integrity": "sha512-DTxNZomBcTWlrMW76jy1wvV37X/cNNxPW1y2Jzd4DZkAaC5ZGsm8bfGfNOthcDuRJujXLqiuS6o3Tpy0JEoh7g==",
      "license": "MIT",
      "engines": {
        "node": ">=4.0.0"
      }
    }
  }
}
